// !$*UTF8*$!
{
	archiveVersion = 1;
	classes = {
	};
	objectVersion = 55;
	objects = {

/* Begin PBXBuildFile section */
		E745D13A28A9E96400116DB3 /* AppDelegate.m in Sources */ = {isa = PBXBuildFile; fileRef = E745D13928A9E96400116DB3 /* AppDelegate.m */; };
		E745D13D28A9E96400116DB3 /* SceneDelegate.m in Sources */ = {isa = PBXBuildFile; fileRef = E745D13C28A9E96400116DB3 /* SceneDelegate.m */; };
		E745D14028A9E96400116DB3 /* ViewController.m in Sources */ = {isa = PBXBuildFile; fileRef = E745D13F28A9E96400116DB3 /* ViewController.m */; };
		E745D14328A9E96400116DB3 /* Main.storyboard in Resources */ = {isa = PBXBuildFile; fileRef = E745D14128A9E96400116DB3 /* Main.storyboard */; };
		E745D14528A9E97E00116DB3 /* Assets.xcassets in Resources */ = {isa = PBXBuildFile; fileRef = E745D14428A9E97E00116DB3 /* Assets.xcassets */; };
		E745D14828A9E97E00116DB3 /* LaunchScreen.storyboard in Resources */ = {isa = PBXBuildFile; fileRef = E745D14628A9E97E00116DB3 /* LaunchScreen.storyboard */; };
		E745D14B28A9E97E00116DB3 /* main.m in Sources */ = {isa = PBXBuildFile; fileRef = E745D14A28A9E97E00116DB3 /* main.m */; };
		E745D15328A9E9F000116DB3 /* SFLookImageView.m in Sources */ = {isa = PBXBuildFile; fileRef = E745D15228A9E9F000116DB3 /* SFLookImageView.m */; };
/* End PBXBuildFile section */

/* Begin PBXFileReference section */
		E745D13528A9E96400116DB3 /* SFPictureView.app */ = {isa = PBXFileReference; explicitFileType = wrapper.application; includeInIndex = 0; path = SFPictureView.app; sourceTree = BUILT_PRODUCTS_DIR; };
		E745D13828A9E96400116DB3 /* AppDelegate.h */ = {isa = PBXFileReference; lastKnownFileType = sourcecode.c.h; path = AppDelegate.h; sourceTree = "<group>"; };
		E745D13928A9E96400116DB3 /* AppDelegate.m */ = {isa = PBXFileReference; lastKnownFileType = sourcecode.c.objc; path = AppDelegate.m; sourceTree = "<group>"; };
		E745D13B28A9E96400116DB3 /* SceneDelegate.h */ = {isa = PBXFileReference; lastKnownFileType = sourcecode.c.h; path = SceneDelegate.h; sourceTree = "<group>"; };
		E745D13C28A9E96400116DB3 /* SceneDelegate.m */ = {isa = PBXFileReference; lastKnownFileType = sourcecode.c.objc; path = SceneDelegate.m; sourceTree = "<group>"; };
		E745D13E28A9E96400116DB3 /* ViewController.h */ = {isa = PBXFileReference; lastKnownFileType = sourcecode.c.h; path = ViewController.h; sourceTree = "<group>"; };
		E745D13F28A9E96400116DB3 /* ViewController.m */ = {isa = PBXFileReference; lastKnownFileType = sourcecode.c.objc; path = ViewController.m; sourceTree = "<group>"; };
		E745D14228A9E96400116DB3 /* Base */ = {isa = PBXFileReference; lastKnownFileType = file.storyboard; name = Base; path = Base.lproj/Main.storyboard; sourceTree = "<group>"; };
		E745D14428A9E97E00116DB3 /* Assets.xcassets */ = {isa = PBXFileReference; lastKnownFileType = folder.assetcatalog; path = Assets.xcassets; sourceTree = "<group>"; };
		E745D14728A9E97E00116DB3 /* Base */ = {isa = PBXFileReference; lastKnownFileType = file.storyboard; name = Base; path = Base.lproj/LaunchScreen.storyboard; sourceTree = "<group>"; };
		E745D14928A9E97E00116DB3 /* Info.plist */ = {isa = PBXFileReference; lastKnownFileType = text.plist.xml; path = Info.plist; sourceTree = "<group>"; };
		E745D14A28A9E97E00116DB3 /* main.m */ = {isa = PBXFileReference; lastKnownFileType = sourcecode.c.objc; path = main.m; sourceTree = "<group>"; };
		E745D15128A9E9F000116DB3 /* SFLookImageView.h */ = {isa = PBXFileReference; fileEncoding = 4; lastKnownFileType = sourcecode.c.h; path = SFLookImageView.h; sourceTree = "<group>"; };
		E745D15228A9E9F000116DB3 /* SFLookImageView.m */ = {isa = PBXFileReference; fileEncoding = 4; lastKnownFileType = sourcecode.c.objc; path = SFLookImageView.m; sourceTree = "<group>"; };
/* End PBXFileReference section */

/* Begin PBXFrameworksBuildPhase section */
		E745D13228A9E96400116DB3 /* Frameworks */ = {
			isa = PBXFrameworksBuildPhase;
			buildActionMask = 2147483647;
			files = (
			);
			runOnlyForDeploymentPostprocessing = 0;
		};
/* End PBXFrameworksBuildPhase section */

/* Begin PBXGroup section */
		E745D12C28A9E96300116DB3 = {
			isa = PBXGroup;
			children = (
				E745D13728A9E96400116DB3 /* SFPictureView */,
				E745D13628A9E96400116DB3 /* Products */,
			);
			sourceTree = "<group>";
		};
		E745D13628A9E96400116DB3 /* Products */ = {
			isa = PBXGroup;
			children = (
				E745D13528A9E96400116DB3 /* SFPictureView.app */,
			);
			name = Products;
			sourceTree = "<group>";
		};
		E745D13728A9E96400116DB3 /* SFPictureView */ = {
			isa = PBXGroup;
			children = (
				E745D13828A9E96400116DB3 /* AppDelegate.h */,
				E745D13928A9E96400116DB3 /* AppDelegate.m */,
				E745D13B28A9E96400116DB3 /* SceneDelegate.h */,
				E745D13C28A9E96400116DB3 /* SceneDelegate.m */,
				E745D13E28A9E96400116DB3 /* ViewController.h */,
				E745D13F28A9E96400116DB3 /* ViewController.m */,
				E745D15128A9E9F000116DB3 /* SFLookImageView.h */,
				E745D15228A9E9F000116DB3 /* SFLookImageView.m */,
				E745D14128A9E96400116DB3 /* Main.storyboard */,
				E745D14428A9E97E00116DB3 /* Assets.xcassets */,
				E745D14628A9E97E00116DB3 /* LaunchScreen.storyboard */,
				E745D14928A9E97E00116DB3 /* Info.plist */,
				E745D14A28A9E97E00116DB3 /* main.m */,
			);
			path = SFPictureView;
			sourceTree = "<group>";
		};
/* End PBXGroup section */

/* Begin PBXNativeTarget section */
		E745D13428A9E96400116DB3 /* SFPictureView */ = {
			isa = PBXNativeTarget;
			buildConfigurationList = E745D14E28A9E97E00116DB3 /* Build configuration list for PBXNativeTarget "SFPictureView" */;
			buildPhases = (
				E745D13128A9E96400116DB3 /* Sources */,
				E745D13228A9E96400116DB3 /* Frameworks */,
				E745D13328A9E96400116DB3 /* Resources */,
			);
			buildRules = (
			);
			dependencies = (
			);
			name = SFPictureView;
			productName = SFPictureView;
			productReference = E745D13528A9E96400116DB3 /* SFPictureView.app */;
			productType = "com.apple.product-type.application";
		};
/* End PBXNativeTarget section */

/* Begin PBXProject section */
		E745D12D28A9E96300116DB3 /* Project object */ = {
			isa = PBXProject;
			attributes = {
				BuildIndependentTargetsInParallel = 1;
				LastUpgradeCheck = 1340;
				TargetAttributes = {
					E745D13428A9E96400116DB3 = {
						CreatedOnToolsVersion = 13.4.1;
					};
				};
			};
			buildConfigurationList = E745D13028A9E96300116DB3 /* Build configuration list for PBXProject "SFPictureView" */;
			compatibilityVersion = "Xcode 13.0";
			developmentRegion = en;
			hasScannedForEncodings = 0;
			knownRegions = (
				en,
				Base,
			);
			mainGroup = E745D12C28A9E96300116DB3;
			productRefGroup = E745D13628A9E96400116DB3 /* Products */;
			projectDirPath = "";
			projectRoot = "";
			targets = (
				E745D13428A9E96400116DB3 /* SFPictureView */,
			);
		};
/* End PBXProject section */

/* Begin PBXResourcesBuildPhase section */
		E745D13328A9E96400116DB3 /* Resources */ = {
			isa = PBXResourcesBuildPhase;
			buildActionMask = 2147483647;
			files = (
				E745D14828A9E97E00116DB3 /* LaunchScreen.storyboard in Resources */,
				E745D14528A9E97E00116DB3 /* Assets.xcassets in Resources */,
				E745D14328A9E96400116DB3 /* Main.storyboard in Resources */,
			);
			runOnlyForDeploymentPostprocessing = 0;
		};
/* End PBXResourcesBuildPhase section */

/* Begin PBXSourcesBuildPhase section */
		E745D13128A9E96400116DB3 /* Sources */ = {
			isa = PBXSourcesBuildPhase;
			buildActionMask = 2147483647;
			files = (
				E745D14028A9E96400116DB3 /* ViewController.m in Sources */,
				E745D13A28A9E96400116DB3 /* AppDelegate.m in Sources */,
				E745D14B28A9E97E00116DB3 /* main.m in Sources */,
				E745D13D28A9E96400116DB3 /* SceneDelegate.m in Sources */,
				E745D15328A9E9F000116DB3 /* SFLookImageView.m in Sources */,
			);
			runOnlyForDeploymentPostprocessing = 0;
		};
/* End PBXSourcesBuildPhase section */

/* Begin PBXVariantGroup section */
		E745D14128A9E96400116DB3 /* Main.storyboard */ = {
			isa = PBXVariantGroup;
			children = (
				E745D14228A9E96400116DB3 /* Base */,
			);
			name = Main.storyboard;
			sourceTree = "<group>";
		};
		E745D14628A9E97E00116DB3 /* LaunchScreen.storyboard */ = {
			isa = PBXVariantGroup;
			children = (
				E745D14728A9E97E00116DB3 /* Base */,
			);
			name = LaunchScreen.storyboard;
			sourceTree = "<group>";
		};
/* End PBXVariantGroup section */

/* Begin XCBuildConfiguration section */
		E745D14C28A9E97E00116DB3 /* Debug */ = {
			isa = XCBuildConfiguration;
			buildSettings = {
				ALWAYS_SEARCH_USER_PATHS = NO;
				CLANG_ANALYZER_NONNULL = YES;
				CLANG_ANALYZER_NUMBER_OBJECT_CONVERSION = YES_AGGRESSIVE;
				CLANG_CXX_LANGUAGE_STANDARD = "gnu++17";
				CLANG_ENABLE_MODULES = YES;
				CLANG_ENABLE_OBJC_ARC = YES;
				CLANG_ENABLE_OBJC_WEAK = YES;
				CLANG_WARN_BLOCK_CAPTURE_AUTORELEASING = YES;
				CLANG_WARN_BOOL_CONVERSION = YES;
				CLANG_WARN_COMMA = YES;
				CLANG_WARN_CONSTANT_CONVERSION = YES;
				CLANG_WARN_DEPRECATED_OBJC_IMPLEMENTATIONS = YES;
				CLANG_WARN_DIRECT_OBJC_ISA_USAGE = YES_ERROR;
				CLANG_WARN_DOCUMENTATION_COMMENTS = YES;
				CLANG_WARN_EMPTY_BODY = YES;
				CLANG_WARN_ENUM_CONVERSION = YES;
				CLANG_WARN_INFINITE_RECURSION = YES;
				CLANG_WARN_INT_CONVERSION = YES;
				CLANG_WARN_NON_LITERAL_NULL_CONVERSION = YES;
				CLANG_WARN_OBJC_IMPLICIT_RETAIN_SELF = YES;
				CLANG_WARN_OBJC_LITERAL_CONVERSION = YES;
				CLANG_WARN_OBJC_ROOT_CLASS = YES_ERROR;
				CLANG_WARN_QUOTED_INCLUDE_IN_FRAMEWORK_HEADER = YES;
				CLANG_WARN_RANGE_LOOP_ANALYSIS = YES;
				CLANG_WARN_STRICT_PROTOTYPES = YES;
				CLANG_WARN_SUSPICIOUS_MOVE = YES;
				CLANG_WARN_UNGUARDED_AVAILABILITY = YES_AGGRESSIVE;
				CLANG_WARN_UNREACHABLE_CODE = YES;
				CLANG_WARN__DUPLICATE_METHOD_MATCH = YES;
				COPY_PHASE_STRIP = NO;
				DEBUG_INFORMATION_FORMAT = dwarf;
				ENABLE_STRICT_OBJC_MSGSEND = YES;
				ENABLE_TESTABILITY = YES;
				GCC_C_LANGUAGE_STANDARD = gnu11;
				GCC_DYNAMIC_NO_PIC = NO;
				GCC_NO_COMMON_BLOCKS = YES;
				GCC_OPTIMIZATION_LEVEL = 0;
				GCC_PREPROCESSOR_DEFINITIONS = (
					"DEBUG=1",
					"$(inherited)",
				);
				GCC_WARN_64_TO_32_BIT_CONVERSION = YES;
				GCC_WARN_ABOUT_RETURN_TYPE = YES_ERROR;
				GCC_WARN_UNDECLARED_SELECTOR = YES;
				GCC_WARN_UNINITIALIZED_AUTOS = YES_AGGRESSIVE;
				GCC_WARN_UNUSED_FUNCTION = YES;
				GCC_WARN_UNUSED_VARIABLE = YES;
				IPHONEOS_DEPLOYMENT_TARGET = 15.5;
				MTL_ENABLE_DEBUG_INFO = INCLUDE_SOURCE;
				MTL_FAST_MATH = YES;
				ONLY_ACTIVE_ARCH = YES;
				SDKROOT = iphoneos;
			};
			name = Debug;
		};
		E745D14D28A9E97E00116DB3 /* Release */ = {
			isa = XCBuildConfiguration;
			buildSettings = {
				ALWAYS_SEARCH_USER_PATHS = NO;
				CLANG_ANALYZER_NONNULL = YES;
				CLANG_ANALYZER_NUMBER_OBJECT_CONVERSION = YES_AGGRESSIVE;
				CLANG_CXX_LANGUAGE_STANDARD = "gnu++17";
				CLANG_ENABLE_MODULES = YES;
				CLANG_ENABLE_OBJC_ARC = YES;
				CLANG_ENABLE_OBJC_WEAK = YES;
				CLANG_WARN_BLOCK_CAPTURE_AUTORELEASING = YES;
				CLANG_WARN_BOOL_CONVERSION = YES;
				CLANG_WARN_COMMA = YES;
				CLANG_WARN_CONSTANT_CONVERSION = YES;
				CLANG_WARN_DEPRECATED_OBJC_IMPLEMENTATIONS = YES;
				CLANG_WARN_DIRECT_OBJC_ISA_USAGE = YES_ERROR;
				CLANG_WARN_DOCUMENTATION_COMMENTS = YES;
				CLANG_WARN_EMPTY_BODY = YES;
				CLANG_WARN_ENUM_CONVERSION = YES;
				CLANG_WARN_INFINITE_RECURSION = YES;
				CLANG_WARN_INT_CONVERSION = YES;
				CLANG_WARN_NON_LITERAL_NULL_CONVERSION = YES;
				CLANG_WARN_OBJC_IMPLICIT_RETAIN_SELF = YES;
				CLANG_WARN_OBJC_LITERAL_CONVERSION = YES;
				CLANG_WARN_OBJC_ROOT_CLASS = YES_ERROR;
				CLANG_WARN_QUOTED_INCLUDE_IN_FRAMEWORK_HEADER = YES;
				CLANG_WARN_RANGE_LOOP_ANALYSIS = YES;
				CLANG_WARN_STRICT_PROTOTYPES = YES;
				CLANG_WARN_SUSPICIOUS_MOVE = YES;
				CLANG_WARN_UNGUARDED_AVAILABILITY = YES_AGGRESSIVE;
				CLANG_WARN_UNREACHABLE_CODE = YES;
				CLANG_WARN__DUPLICATE_METHOD_MATCH = YES;
				COPY_PHASE_STRIP = NO;
				DEBUG_INFORMATION_FORMAT = "dwarf-with-dsym";
				ENABLE_NS_ASSERTIONS = NO;
				ENABLE_STRICT_OBJC_MSGSEND = YES;
				GCC_C_LANGUAGE_STANDARD = gnu11;
				GCC_NO_COMMON_BLOCKS = YES;
				GCC_WARN_64_TO_32_BIT_CONVERSION = YES;
				GCC_WARN_ABOUT_RETURN_TYPE = YES_ERROR;
				GCC_WARN_UNDECLARED_SELECTOR = YES;
				GCC_WARN_UNINITIALIZED_AUTOS = YES_AGGRESSIVE;
				GCC_WARN_UNUSED_FUNCTION = YES;
				GCC_WARN_UNUSED_VARIABLE = YES;
				IPHONEOS_DEPLOYMENT_TARGET = 15.5;
				MTL_ENABLE_DEBUG_INFO = NO;
				MTL_FAST_MATH = YES;
				SDKROOT = iphoneos;
				VALIDATE_PRODUCT = YES;
			};
			name = Release;
		};
		E745D14F28A9E97E00116DB3 /* Debug */ = {
			isa = XCBuildConfiguration;
			buildSettings = {
				ASSETCATALOG_COMPILER_APPICON_NAME = AppIcon;
				ASSETCATALOG_COMPILER_GLOBAL_ACCENT_COLOR_NAME = AccentColor;
				CODE_SIGN_STYLE = Automatic;
				CURRENT_PROJECT_VERSION = 1;
				DEVELOPMENT_TEAM = NN56R38BZT;
				GENERATE_INFOPLIST_FILE = YES;
				INFOPLIST_FILE = SFPictureView/Info.plist;
				INFOPLIST_KEY_UIApplicationSupportsIndirectInputEvents = YES;
				INFOPLIST_KEY_UILaunchStoryboardName = LaunchScreen;
				INFOPLIST_KEY_UIMainStoryboardFile = Main;
				INFOPLIST_KEY_UISupportedInterfaceOrientations_iPad = "UIInterfaceOrientationPortrait UIInterfaceOrientationPortraitUpsideDown UIInterfaceOrientationLandscapeLeft UIInterfaceOrientationLandscapeRight";
				INFOPLIST_KEY_UISupportedInterfaceOrientations_iPhone = "UIInterfaceOrientationPortrait UIInterfaceOrientationLandscapeLeft UIInterfaceOrientationLandscapeRight";
				IPHONEOS_DEPLOYMENT_TARGET = 13.0;
				LD_RUNPATH_SEARCH_PATHS = (
					"$(inherited)",
					"@executable_path/Frameworks",
				);
				MARKETING_VERSION = 1.0;
				PRODUCT_BUNDLE_IDENTIFIER = com.lurich.SFPictureView;
				PRODUCT_NAME = "$(TARGET_NAME)";
				SWIFT_EMIT_LOC_STRINGS = YES;
				TARGETED_DEVICE_FAMILY = "1,2";
			};
			name = Debug;
		};
		E745D15028A9E97E00116DB3 /* Release */ = {
			isa = XCBuildConfiguration;
			buildSettings = {
				ASSETCATALOG_COMPILER_APPICON_NAME = AppIcon;
				ASSETCATALOG_COMPILER_GLOBAL_ACCENT_COLOR_NAME = AccentColor;
				CODE_SIGN_STYLE = Automatic;
				CURRENT_PROJECT_VERSION = 1;
				DEVELOPMENT_TEAM = NN56R38BZT;
				GENERATE_INFOPLIST_FILE = YES;
				INFOPLIST_FILE = SFPictureView/Info.plist;
				INFOPLIST_KEY_UIApplicationSupportsIndirectInputEvents = YES;
				INFOPLIST_KEY_UILaunchStoryboardName = LaunchScreen;
				INFOPLIST_KEY_UIMainStoryboardFile = Main;
				INFOPLIST_KEY_UISupportedInterfaceOrientations_iPad = "UIInterfaceOrientationPortrait UIInterfaceOrientationPortraitUpsideDown UIInterfaceOrientationLandscapeLeft UIInterfaceOrientationLandscapeRight";
				INFOPLIST_KEY_UISupportedInterfaceOrientations_iPhone = "UIInterfaceOrientationPortrait UIInterfaceOrientationLandscapeLeft UIInterfaceOrientationLandscapeRight";
				IPHONEOS_DEPLOYMENT_TARGET = 13.0;
				LD_RUNPATH_SEARCH_PATHS = (
					"$(inherited)",
					"@executable_path/Frameworks",
				);
				MARKETING_VERSION = 1.0;
				PRODUCT_BUNDLE_IDENTIFIER = com.lurich.SFPictureView;
				PRODUCT_NAME = "$(TARGET_NAME)";
				SWIFT_EMIT_LOC_STRINGS = YES;
				TARGETED_DEVICE_FAMILY = "1,2";
			};
			name = Release;
		};
/* End XCBuildConfiguration section */

/* Begin XCConfigurationList section */
		E745D13028A9E96300116DB3 /* Build configuration list for PBXProject "SFPictureView" */ = {
			isa = XCConfigurationList;
			buildConfigurations = (
				E745D14C28A9E97E00116DB3 /* Debug */,
				E745D14D28A9E97E00116DB3 /* Release */,
			);
			defaultConfigurationIsVisible = 0;
			defaultConfigurationName = Release;
		};
		E745D14E28A9E97E00116DB3 /* Build configuration list for PBXNativeTarget "SFPictureView" */ = {
			isa = XCConfigurationList;
			buildConfigurations = (
				E745D14F28A9E97E00116DB3 /* Debug */,
				E745D15028A9E97E00116DB3 /* Release */,
			);
			defaultConfigurationIsVisible = 0;
			defaultConfigurationName = Release;
		};
/* End XCConfigurationList section */
	};
	rootObject = E745D12D28A9E96300116DB3 /* Project object */;
}
